# This file was autogenerated by Stack.
# You should not edit this file by hand.
# For more information, please see the documentation at:
#   https://docs.haskellstack.org/en/stable/lock_files

packages:
- completed:
    hackage: twitch-0.1.7.2@sha256:146a887da4d2d21e489ff823a6058add40c1f9c5ee8e0d00356b497092c9c624,2988
    pantry-tree:
      size: 1138
      sha256: 7e4db8b9ef3e634e68d68155901a7c3affb873b3cf9a9dca4dcc0ebb4b6eb527
  original:
    hackage: twitch-0.1.7.2@sha256:146a887da4d2d21e489ff823a6058add40c1f9c5ee8e0d00356b497092c9c624,2988
snapshots:
- completed:
    size: 587113
    url: https://raw.githubusercontent.com/commercialhaskell/stackage-snapshots/master/lts/18/6.yaml
    sha256: f74c482d7c93739ecf3abfbc0f2dea1c20a2dfb2462c689846ed55a9653b66f7
  original: lts-18.6
